{
  "name": "33_npm",
  "version": "1.0.0",
  "lockfileVersion": 3,
  "requires": true,
  "packages": {
    "": {
      "name": "33_npm",
      "version": "1.0.0",
      "license": "ISC",
      "dependencies": {
        "calculator-53135": "^2.0.0"
      }
    },
    "node_modules/calculator-53135": {
      "version": "2.1.0",
      "resolved": "https://registry.npmjs.org/calculator-53135/-/calculator-53135-2.1.0.tgz",
      "integrity": "sha512-BlxKcj4qHDttfiG7ZAyG7D1nSF/avjoDN+BkvuK6wKHHPgtqWOZkJwH9A7b3NJClhSfTwUSI+mZW7Cv1maYbng=="
    }
  }
}
